
Microsoft Visual Studio Solution File, Format Version 12.00
# Visual Studio Version 17
VisualStudioVersion = 17.10.34916.146
MinimumVisualStudioVersion = 10.0.40219.1
Project("{FAE04EC0-301F-11D3-BF4B-00C04F79EFBC}") = "IncomeExpenseTracker", "IncomeExpenseTracker.csproj", "{04EA7CBF-0C22-4A01-AECE-633622D37FB0}"
EndProject
Global
	GlobalSection(SolutionConfigurationPlatforms) = preSolution
		Debug|Any CPU = Debug|Any CPU
		Release|Any CPU = Release|Any CPU
	EndGlobalSection
	GlobalSection(ProjectConfigurationPlatforms) = postSolution
		{04EA7CBF-0C22-4A01-AECE-633622D37FB0}.Debug|Any CPU.ActiveCfg = Debug|Any CPU
		{04EA7CBF-0C22-4A01-AECE-633622D37FB0}.Debug|Any CPU.Build.0 = Debug|Any CPU
		{04EA7CBF-0C22-4A01-AECE-633622D37FB0}.Release|Any CPU.ActiveCfg = Release|Any CPU
		{04EA7CBF-0C22-4A01-AECE-633622D37FB0}.Release|Any CPU.Build.0 = Release|Any CPU
	EndGlobalSection
	GlobalSection(SolutionProperties) = preSolution
		HideSolutionNode = FALSE
	EndGlobalSection
	GlobalSection(ExtensibilityGlobals) = postSolution
		SolutionGuid = {7A261AF8-E29E-4C82-BCD3-DFD88B1AC3FC}
	EndGlobalSection
EndGlobal
